// !$*UTF8*$!
{
	archiveVersion = 1;
	classes = {
	};
	objectVersion = 46;
	objects = {

/* Begin PBXBuildFile section */
		79B7B0F8192D89E100D0B216 /* CoreFoundation.framework in Frameworks */ = {isa = PBXBuildFile; fileRef = 79B7B09C192D84C100D0B216 /* CoreFoundation.framework */; };
		79B7B0FE192D89E100D0B216 /* InfoPlist.strings in Resources */ = {isa = PBXBuildFile; fileRef = 79B7B0FC192D89E100D0B216 /* InfoPlist.strings */; };
		79B7B117192D8C5F00D0B216 /* UIKit.framework in Frameworks */ = {isa = PBXBuildFile; fileRef = 79B7B116192D8C5F00D0B216 /* UIKit.framework */; };
		79B7B127192D8D7000D0B216 /* UIView+AddLine.m in Sources */ = {isa = PBXBuildFile; fileRef = 79B7B119192D8D7000D0B216 /* UIView+AddLine.m */; };
		79B7B128192D8D7000D0B216 /* ZWDblMultiColTbv.m in Sources */ = {isa = PBXBuildFile; fileRef = 79B7B11B192D8D7000D0B216 /* ZWDblMultiColTbv.m */; settings = {COMPILER_FLAGS = "-fno-objc-arc"; }; };
		79B7B129192D8D7000D0B216 /* ZWMultiColHasCommonTitle.m in Sources */ = {isa = PBXBuildFile; fileRef = 79B7B11D192D8D7000D0B216 /* ZWMultiColHasCommonTitle.m */; };
		79B7B12A192D8D7000D0B216 /* ZWMultiColTableView.m in Sources */ = {isa = PBXBuildFile; fileRef = 79B7B11F192D8D7000D0B216 /* ZWMultiColTableView.m */; settings = {COMPILER_FLAGS = "-fno-objc-arc"; }; };
		79B7B12B192D8D7000D0B216 /* ZWMultiColTbvCell.m in Sources */ = {isa = PBXBuildFile; fileRef = 79B7B121192D8D7000D0B216 /* ZWMultiColTbvCell.m */; settings = {COMPILER_FLAGS = "-fno-objc-arc"; }; };
		79B7B12C192D8D7000D0B216 /* ZWMultiColTopHeaderView.m in Sources */ = {isa = PBXBuildFile; fileRef = 79B7B124192D8D7000D0B216 /* ZWMultiColTopHeaderView.m */; settings = {COMPILER_FLAGS = "-fno-objc-arc"; }; };
		79B7B12D192D8D7000D0B216 /* ZWTableView.m in Sources */ = {isa = PBXBuildFile; fileRef = 79B7B126192D8D7000D0B216 /* ZWTableView.m */; };
		79B7B12F192D902200D0B216 /* UIView+AddLine.h in Headers */ = {isa = PBXBuildFile; fileRef = 79B7B118192D8D7000D0B216 /* UIView+AddLine.h */; settings = {ATTRIBUTES = (Public, ); }; };
		79B7B130192D902200D0B216 /* ZWDblMultiColTbv.h in Headers */ = {isa = PBXBuildFile; fileRef = 79B7B11A192D8D7000D0B216 /* ZWDblMultiColTbv.h */; settings = {ATTRIBUTES = (Public, ); }; };
		79B7B132192D902200D0B216 /* ZWMultiColTableView.h in Headers */ = {isa = PBXBuildFile; fileRef = 79B7B11E192D8D7000D0B216 /* ZWMultiColTableView.h */; settings = {ATTRIBUTES = (Public, ); }; };
		79B7B133192D902200D0B216 /* ZWMultiColTbvCell.h in Headers */ = {isa = PBXBuildFile; fileRef = 79B7B120192D8D7000D0B216 /* ZWMultiColTbvCell.h */; settings = {ATTRIBUTES = (Public, ); }; };
		79B7B134192D902200D0B216 /* ZWMultiColTbvDefine.h in Headers */ = {isa = PBXBuildFile; fileRef = 79B7B122192D8D7000D0B216 /* ZWMultiColTbvDefine.h */; settings = {ATTRIBUTES = (Public, ); }; };
		79B7B135192D902200D0B216 /* ZWMultiColTopHeaderView.h in Headers */ = {isa = PBXBuildFile; fileRef = 79B7B123192D8D7000D0B216 /* ZWMultiColTopHeaderView.h */; settings = {ATTRIBUTES = (Public, ); }; };
		79B7B136192D902200D0B216 /* ZWTableView.h in Headers */ = {isa = PBXBuildFile; fileRef = 79B7B125192D8D7000D0B216 /* ZWTableView.h */; settings = {ATTRIBUTES = (Public, ); }; };
		79F33084192F45F400A06CF6 /* arrow_right.png in CopyFiles */ = {isa = PBXBuildFile; fileRef = 79F33080192F45D600A06CF6 /* arrow_right.png */; };
		79F33085192F45F400A06CF6 /* arrow_left.png in CopyFiles */ = {isa = PBXBuildFile; fileRef = 79F33081192F45D600A06CF6 /* arrow_left.png */; };
/* End PBXBuildFile section */

/* Begin PBXCopyFilesBuildPhase section */
		79F3307E192F45B800A06CF6 /* CopyFiles */ = {
			isa = PBXCopyFilesBuildPhase;
			buildActionMask = 2147483647;
			dstPath = ZWMultiColView.bundle;
			dstSubfolderSpec = 7;
			files = (
				79F33084192F45F400A06CF6 /* arrow_right.png in CopyFiles */,
				79F33085192F45F400A06CF6 /* arrow_left.png in CopyFiles */,
			);
			runOnlyForDeploymentPostprocessing = 0;
		};
/* End PBXCopyFilesBuildPhase section */

/* Begin PBXFileReference section */
		79B7B071192D843000D0B216 /* Foundation.framework */ = {isa = PBXFileReference; lastKnownFileType = wrapper.framework; name = Foundation.framework; path = System/Library/Frameworks/Foundation.framework; sourceTree = SDKROOT; };
		79B7B09C192D84C100D0B216 /* CoreFoundation.framework */ = {isa = PBXFileReference; lastKnownFileType = wrapper.framework; name = CoreFoundation.framework; path = System/Library/Frameworks/CoreFoundation.framework; sourceTree = SDKROOT; };
		79B7B0F7192D89E100D0B216 /* ZWMultiColView.framework */ = {isa = PBXFileReference; explicitFileType = wrapper.cfbundle; includeInIndex = 0; path = ZWMultiColView.framework; sourceTree = BUILT_PRODUCTS_DIR; };
		79B7B0FB192D89E100D0B216 /* ZWMultiColView-Info.plist */ = {isa = PBXFileReference; lastKnownFileType = text.plist.xml; path = "ZWMultiColView-Info.plist"; sourceTree = "<group>"; };
		79B7B0FD192D89E100D0B216 /* en */ = {isa = PBXFileReference; lastKnownFileType = text.plist.strings; name = en; path = en.lproj/InfoPlist.strings; sourceTree = "<group>"; };
		79B7B0FF192D89E100D0B216 /* ZWMultiColView-Prefix.pch */ = {isa = PBXFileReference; lastKnownFileType = sourcecode.c.h; path = "ZWMultiColView-Prefix.pch"; sourceTree = "<group>"; };
		79B7B116192D8C5F00D0B216 /* UIKit.framework */ = {isa = PBXFileReference; lastKnownFileType = wrapper.framework; name = UIKit.framework; path = System/Library/Frameworks/UIKit.framework; sourceTree = SDKROOT; };
		79B7B118192D8D7000D0B216 /* UIView+AddLine.h */ = {isa = PBXFileReference; fileEncoding = 4; lastKnownFileType = sourcecode.c.h; path = "UIView+AddLine.h"; sourceTree = "<group>"; };
		79B7B119192D8D7000D0B216 /* UIView+AddLine.m */ = {isa = PBXFileReference; fileEncoding = 4; lastKnownFileType = sourcecode.c.objc; path = "UIView+AddLine.m"; sourceTree = "<group>"; };
		79B7B11A192D8D7000D0B216 /* ZWDblMultiColTbv.h */ = {isa = PBXFileReference; fileEncoding = 4; lastKnownFileType = sourcecode.c.h; path = ZWDblMultiColTbv.h; sourceTree = "<group>"; };
		79B7B11B192D8D7000D0B216 /* ZWDblMultiColTbv.m */ = {isa = PBXFileReference; fileEncoding = 4; lastKnownFileType = sourcecode.c.objc; path = ZWDblMultiColTbv.m; sourceTree = "<group>"; };
		79B7B11C192D8D7000D0B216 /* ZWMultiColHasCommonTitle.h */ = {isa = PBXFileReference; fileEncoding = 4; lastKnownFileType = sourcecode.c.h; path = ZWMultiColHasCommonTitle.h; sourceTree = "<group>"; };
		79B7B11D192D8D7000D0B216 /* ZWMultiColHasCommonTitle.m */ = {isa = PBXFileReference; fileEncoding = 4; lastKnownFileType = sourcecode.c.objc; path = ZWMultiColHasCommonTitle.m; sourceTree = "<group>"; };
		79B7B11E192D8D7000D0B216 /* ZWMultiColTableView.h */ = {isa = PBXFileReference; fileEncoding = 4; lastKnownFileType = sourcecode.c.h; path = ZWMultiColTableView.h; sourceTree = "<group>"; };
		79B7B11F192D8D7000D0B216 /* ZWMultiColTableView.m */ = {isa = PBXFileReference; fileEncoding = 4; lastKnownFileType = sourcecode.c.objc; path = ZWMultiColTableView.m; sourceTree = "<group>"; };
		79B7B120192D8D7000D0B216 /* ZWMultiColTbvCell.h */ = {isa = PBXFileReference; fileEncoding = 4; lastKnownFileType = sourcecode.c.h; path = ZWMultiColTbvCell.h; sourceTree = "<group>"; };
		79B7B121192D8D7000D0B216 /* ZWMultiColTbvCell.m */ = {isa = PBXFileReference; fileEncoding = 4; lastKnownFileType = sourcecode.c.objc; path = ZWMultiColTbvCell.m; sourceTree = "<group>"; };
		79B7B122192D8D7000D0B216 /* ZWMultiColTbvDefine.h */ = {isa = PBXFileReference; fileEncoding = 4; lastKnownFileType = sourcecode.c.h; path = ZWMultiColTbvDefine.h; sourceTree = "<group>"; };
		79B7B123192D8D7000D0B216 /* ZWMultiColTopHeaderView.h */ = {isa = PBXFileReference; fileEncoding = 4; lastKnownFileType = sourcecode.c.h; path = ZWMultiColTopHeaderView.h; sourceTree = "<group>"; };
		79B7B124192D8D7000D0B216 /* ZWMultiColTopHeaderView.m */ = {isa = PBXFileReference; fileEncoding = 4; lastKnownFileType = sourcecode.c.objc; path = ZWMultiColTopHeaderView.m; sourceTree = "<group>"; };
		79B7B125192D8D7000D0B216 /* ZWTableView.h */ = {isa = PBXFileReference; fileEncoding = 4; lastKnownFileType = sourcecode.c.h; path = ZWTableView.h; sourceTree = "<group>"; };
		79B7B126192D8D7000D0B216 /* ZWTableView.m */ = {isa = PBXFileReference; fileEncoding = 4; lastKnownFileType = sourcecode.c.objc; path = ZWTableView.m; sourceTree = "<group>"; };
		79F33080192F45D600A06CF6 /* arrow_right.png */ = {isa = PBXFileReference; lastKnownFileType = image.png; path = arrow_right.png; sourceTree = "<group>"; };
		79F33081192F45D600A06CF6 /* arrow_left.png */ = {isa = PBXFileReference; lastKnownFileType = image.png; path = arrow_left.png; sourceTree = "<group>"; };
/* End PBXFileReference section */

/* Begin PBXFrameworksBuildPhase section */
		79B7B0F4192D89E100D0B216 /* Frameworks */ = {
			isa = PBXFrameworksBuildPhase;
			buildActionMask = 2147483647;
			files = (
				79B7B117192D8C5F00D0B216 /* UIKit.framework in Frameworks */,
				79B7B0F8192D89E100D0B216 /* CoreFoundation.framework in Frameworks */,
			);
			runOnlyForDeploymentPostprocessing = 0;
		};
/* End PBXFrameworksBuildPhase section */

/* Begin PBXGroup section */
		79B7B065192D842F00D0B216 = {
			isa = PBXGroup;
			children = (
				79B7B0F9192D89E100D0B216 /* ZWMultiColView */,
				79B7B070192D843000D0B216 /* Frameworks */,
				79B7B06F192D843000D0B216 /* Products */,
			);
			sourceTree = "<group>";
		};
		79B7B06F192D843000D0B216 /* Products */ = {
			isa = PBXGroup;
			children = (
				79B7B0F7192D89E100D0B216 /* ZWMultiColView.framework */,
			);
			name = Products;
			sourceTree = "<group>";
		};
		79B7B070192D843000D0B216 /* Frameworks */ = {
			isa = PBXGroup;
			children = (
				79B7B116192D8C5F00D0B216 /* UIKit.framework */,
				79B7B071192D843000D0B216 /* Foundation.framework */,
				79B7B09C192D84C100D0B216 /* CoreFoundation.framework */,
			);
			name = Frameworks;
			sourceTree = "<group>";
		};
		79B7B0F9192D89E100D0B216 /* ZWMultiColView */ = {
			isa = PBXGroup;
			children = (
				79F3307F192F45D600A06CF6 /* Resources */,
				79B7B118192D8D7000D0B216 /* UIView+AddLine.h */,
				79B7B119192D8D7000D0B216 /* UIView+AddLine.m */,
				79B7B11A192D8D7000D0B216 /* ZWDblMultiColTbv.h */,
				79B7B11B192D8D7000D0B216 /* ZWDblMultiColTbv.m */,
				79B7B11E192D8D7000D0B216 /* ZWMultiColTableView.h */,
				79B7B11F192D8D7000D0B216 /* ZWMultiColTableView.m */,
				79B7B120192D8D7000D0B216 /* ZWMultiColTbvCell.h */,
				79B7B121192D8D7000D0B216 /* ZWMultiColTbvCell.m */,
				79B7B122192D8D7000D0B216 /* ZWMultiColTbvDefine.h */,
				79B7B123192D8D7000D0B216 /* ZWMultiColTopHeaderView.h */,
				79B7B124192D8D7000D0B216 /* ZWMultiColTopHeaderView.m */,
				79B7B125192D8D7000D0B216 /* ZWTableView.h */,
				79B7B126192D8D7000D0B216 /* ZWTableView.m */,
				79B7B11C192D8D7000D0B216 /* ZWMultiColHasCommonTitle.h */,
				79B7B11D192D8D7000D0B216 /* ZWMultiColHasCommonTitle.m */,
				79B7B0FA192D89E100D0B216 /* Supporting Files */,
			);
			path = ZWMultiColView;
			sourceTree = "<group>";
		};
		79B7B0FA192D89E100D0B216 /* Supporting Files */ = {
			isa = PBXGroup;
			children = (
				79B7B0FB192D89E100D0B216 /* ZWMultiColView-Info.plist */,
				79B7B0FC192D89E100D0B216 /* InfoPlist.strings */,
				79B7B0FF192D89E100D0B216 /* ZWMultiColView-Prefix.pch */,
			);
			name = "Supporting Files";
			sourceTree = "<group>";
		};
		79F3307F192F45D600A06CF6 /* Resources */ = {
			isa = PBXGroup;
			children = (
				79F33080192F45D600A06CF6 /* arrow_right.png */,
				79F33081192F45D600A06CF6 /* arrow_left.png */,
			);
			path = Resources;
			sourceTree = "<group>";
		};
/* End PBXGroup section */

/* Begin PBXHeadersBuildPhase section */
		79B7B12E192D8FF200D0B216 /* Headers */ = {
			isa = PBXHeadersBuildPhase;
			buildActionMask = 2147483647;
			files = (
				79B7B12F192D902200D0B216 /* UIView+AddLine.h in Headers */,
				79B7B130192D902200D0B216 /* ZWDblMultiColTbv.h in Headers */,
				79B7B132192D902200D0B216 /* ZWMultiColTableView.h in Headers */,
				79B7B133192D902200D0B216 /* ZWMultiColTbvCell.h in Headers */,
				79B7B134192D902200D0B216 /* ZWMultiColTbvDefine.h in Headers */,
				79B7B135192D902200D0B216 /* ZWMultiColTopHeaderView.h in Headers */,
				79B7B136192D902200D0B216 /* ZWTableView.h in Headers */,
			);
			runOnlyForDeploymentPostprocessing = 0;
		};
/* End PBXHeadersBuildPhase section */

/* Begin PBXNativeTarget section */
		79B7B0F6192D89E100D0B216 /* ZWMultiColView */ = {
			isa = PBXNativeTarget;
			buildConfigurationList = 79B7B100192D89E100D0B216 /* Build configuration list for PBXNativeTarget "ZWMultiColView" */;
			buildPhases = (
				79B7B0F3192D89E100D0B216 /* Sources */,
				79B7B0F4192D89E100D0B216 /* Frameworks */,
				79B7B0F5192D89E100D0B216 /* Resources */,
				79B7B12E192D8FF200D0B216 /* Headers */,
				79F3307E192F45B800A06CF6 /* CopyFiles */,
			);
			buildRules = (
			);
			dependencies = (
			);
			name = ZWMultiColView;
			productName = ZWMultiColView;
			productReference = 79B7B0F7192D89E100D0B216 /* ZWMultiColView.framework */;
			productType = "com.apple.product-type.bundle";
		};
/* End PBXNativeTarget section */

/* Begin PBXProject section */
		79B7B066192D842F00D0B216 /* Project object */ = {
			isa = PBXProject;
			attributes = {
				LastUpgradeCheck = 0610;
				ORGANIZATIONNAME = zwchen;
			};
			buildConfigurationList = 79B7B069192D842F00D0B216 /* Build configuration list for PBXProject "libZWMultiColView" */;
			compatibilityVersion = "Xcode 3.2";
			developmentRegion = English;
			hasScannedForEncodings = 0;
			knownRegions = (
				en,
			);
			mainGroup = 79B7B065192D842F00D0B216;
			productRefGroup = 79B7B06F192D843000D0B216 /* Products */;
			projectDirPath = "";
			projectRoot = "";
			targets = (
				79B7B0F6192D89E100D0B216 /* ZWMultiColView */,
			);
		};
/* End PBXProject section */

/* Begin PBXResourcesBuildPhase section */
		79B7B0F5192D89E100D0B216 /* Resources */ = {
			isa = PBXResourcesBuildPhase;
			buildActionMask = 2147483647;
			files = (
				79B7B0FE192D89E100D0B216 /* InfoPlist.strings in Resources */,
			);
			runOnlyForDeploymentPostprocessing = 0;
		};
/* End PBXResourcesBuildPhase section */

/* Begin PBXSourcesBuildPhase section */
		79B7B0F3192D89E100D0B216 /* Sources */ = {
			isa = PBXSourcesBuildPhase;
			buildActionMask = 2147483647;
			files = (
				79B7B127192D8D7000D0B216 /* UIView+AddLine.m in Sources */,
				79B7B12B192D8D7000D0B216 /* ZWMultiColTbvCell.m in Sources */,
				79B7B12A192D8D7000D0B216 /* ZWMultiColTableView.m in Sources */,
				79B7B128192D8D7000D0B216 /* ZWDblMultiColTbv.m in Sources */,
				79B7B12D192D8D7000D0B216 /* ZWTableView.m in Sources */,
				79B7B129192D8D7000D0B216 /* ZWMultiColHasCommonTitle.m in Sources */,
				79B7B12C192D8D7000D0B216 /* ZWMultiColTopHeaderView.m in Sources */,
			);
			runOnlyForDeploymentPostprocessing = 0;
		};
/* End PBXSourcesBuildPhase section */

/* Begin PBXVariantGroup section */
		79B7B0FC192D89E100D0B216 /* InfoPlist.strings */ = {
			isa = PBXVariantGroup;
			children = (
				79B7B0FD192D89E100D0B216 /* en */,
			);
			name = InfoPlist.strings;
			sourceTree = "<group>";
		};
/* End PBXVariantGroup section */

/* Begin XCBuildConfiguration section */
		79B7B08F192D843000D0B216 /* Debug */ = {
			isa = XCBuildConfiguration;
			buildSettings = {
				ALWAYS_SEARCH_USER_PATHS = NO;
				CLANG_CXX_LANGUAGE_STANDARD = "gnu++0x";
				CLANG_CXX_LIBRARY = "libc++";
				CLANG_ENABLE_MODULES = YES;
				CLANG_ENABLE_OBJC_ARC = YES;
				CLANG_WARN_BOOL_CONVERSION = YES;
				CLANG_WARN_CONSTANT_CONVERSION = YES;
				CLANG_WARN_DIRECT_OBJC_ISA_USAGE = YES_ERROR;
				CLANG_WARN_EMPTY_BODY = YES;
				CLANG_WARN_ENUM_CONVERSION = YES;
				CLANG_WARN_INT_CONVERSION = YES;
				CLANG_WARN_OBJC_ROOT_CLASS = YES_ERROR;
				CLANG_WARN__DUPLICATE_METHOD_MATCH = YES;
				COPY_PHASE_STRIP = NO;
				GCC_C_LANGUAGE_STANDARD = gnu99;
				GCC_DYNAMIC_NO_PIC = NO;
				GCC_OPTIMIZATION_LEVEL = 0;
				GCC_PREPROCESSOR_DEFINITIONS = (
					"DEBUG=1",
					"$(inherited)",
				);
				GCC_SYMBOLS_PRIVATE_EXTERN = NO;
				GCC_WARN_64_TO_32_BIT_CONVERSION = YES;
				GCC_WARN_ABOUT_RETURN_TYPE = YES_ERROR;
				GCC_WARN_UNDECLARED_SELECTOR = YES;
				GCC_WARN_UNINITIALIZED_AUTOS = YES;
				GCC_WARN_UNUSED_FUNCTION = YES;
				GCC_WARN_UNUSED_VARIABLE = YES;
				IPHONEOS_DEPLOYMENT_TARGET = 6.0;
				ONLY_ACTIVE_ARCH = YES;
				SDKROOT = iphoneos;
			};
			name = Debug;
		};
		79B7B090192D843000D0B216 /* Release */ = {
			isa = XCBuildConfiguration;
			buildSettings = {
				ALWAYS_SEARCH_USER_PATHS = NO;
				CLANG_CXX_LANGUAGE_STANDARD = "gnu++0x";
				CLANG_CXX_LIBRARY = "libc++";
				CLANG_ENABLE_MODULES = YES;
				CLANG_ENABLE_OBJC_ARC = YES;
				CLANG_WARN_BOOL_CONVERSION = YES;
				CLANG_WARN_CONSTANT_CONVERSION = YES;
				CLANG_WARN_DIRECT_OBJC_ISA_USAGE = YES_ERROR;
				CLANG_WARN_EMPTY_BODY = YES;
				CLANG_WARN_ENUM_CONVERSION = YES;
				CLANG_WARN_INT_CONVERSION = YES;
				CLANG_WARN_OBJC_ROOT_CLASS = YES_ERROR;
				CLANG_WARN__DUPLICATE_METHOD_MATCH = YES;
				COPY_PHASE_STRIP = YES;
				ENABLE_NS_ASSERTIONS = NO;
				GCC_C_LANGUAGE_STANDARD = gnu99;
				GCC_WARN_64_TO_32_BIT_CONVERSION = YES;
				GCC_WARN_ABOUT_RETURN_TYPE = YES_ERROR;
				GCC_WARN_UNDECLARED_SELECTOR = YES;
				GCC_WARN_UNINITIALIZED_AUTOS = YES;
				GCC_WARN_UNUSED_FUNCTION = YES;
				GCC_WARN_UNUSED_VARIABLE = YES;
				IPHONEOS_DEPLOYMENT_TARGET = 6.0;
				SDKROOT = iphoneos;
				VALIDATE_PRODUCT = YES;
			};
			name = Release;
		};
		79B7B101192D89E100D0B216 /* Debug */ = {
			isa = XCBuildConfiguration;
			buildSettings = {
				COMBINE_HIDPI_IMAGES = YES;
				CONFIGURATION_BUILD_DIR = "$(SRCROOT)/../../bin/$(CONFIGURATION)$(EFFECTIVE_PLATFORM_NAME)";
				DEAD_CODE_STRIPPING = NO;
				GCC_ENABLE_OBJC_EXCEPTIONS = YES;
				GCC_PRECOMPILE_PREFIX_HEADER = YES;
				GCC_PREFIX_HEADER = "ZWMultiColView/ZWMultiColView-Prefix.pch";
				GCC_PREPROCESSOR_DEFINITIONS = (
					"DEBUG=1",
					"$(inherited)",
				);
				INFOPLIST_FILE = "ZWMultiColView/ZWMultiColView-Info.plist";
				INSTALL_PATH = "$(LOCAL_LIBRARY_DIR)/Bundles";
				LINK_WITH_STANDARD_LIBRARIES = NO;
				MACH_O_TYPE = mh_object;
				MACOSX_DEPLOYMENT_TARGET = "";
				PRODUCT_NAME = "$(TARGET_NAME)";
				SDKROOT = iphoneos;
				TARGETED_DEVICE_FAMILY = "1,2";
				WRAPPER_EXTENSION = framework;
			};
			name = Debug;
		};
		79B7B102192D89E100D0B216 /* Release */ = {
			isa = XCBuildConfiguration;
			buildSettings = {
				COMBINE_HIDPI_IMAGES = YES;
				CONFIGURATION_BUILD_DIR = "$(SRCROOT)/../../bin/$(CONFIGURATION)$(EFFECTIVE_PLATFORM_NAME)";
				DEAD_CODE_STRIPPING = NO;
				DEBUG_INFORMATION_FORMAT = "dwarf-with-dsym";
				GCC_ENABLE_OBJC_EXCEPTIONS = YES;
				GCC_PRECOMPILE_PREFIX_HEADER = YES;
				GCC_PREFIX_HEADER = "ZWMultiColView/ZWMultiColView-Prefix.pch";
				INFOPLIST_FILE = "ZWMultiColView/ZWMultiColView-Info.plist";
				INSTALL_PATH = "$(LOCAL_LIBRARY_DIR)/Bundles";
				LINK_WITH_STANDARD_LIBRARIES = NO;
				MACH_O_TYPE = mh_object;
				MACOSX_DEPLOYMENT_TARGET = "";
				PRODUCT_NAME = "$(TARGET_NAME)";
				SDKROOT = iphoneos;
				TARGETED_DEVICE_FAMILY = "1,2";
				WRAPPER_EXTENSION = framework;
			};
			name = Release;
		};
/* End XCBuildConfiguration section */

/* Begin XCConfigurationList section */
		79B7B069192D842F00D0B216 /* Build configuration list for PBXProject "libZWMultiColView" */ = {
			isa = XCConfigurationList;
			buildConfigurations = (
				79B7B08F192D843000D0B216 /* Debug */,
				79B7B090192D843000D0B216 /* Release */,
			);
			defaultConfigurationIsVisible = 0;
			defaultConfigurationName = Release;
		};
		79B7B100192D89E100D0B216 /* Build configuration list for PBXNativeTarget "ZWMultiColView" */ = {
			isa = XCConfigurationList;
			buildConfigurations = (
				79B7B101192D89E100D0B216 /* Debug */,
				79B7B102192D89E100D0B216 /* Release */,
			);
			defaultConfigurationIsVisible = 0;
			defaultConfigurationName = Release;
		};
/* End XCConfigurationList section */
	};
	rootObject = 79B7B066192D842F00D0B216 /* Project object */;
}
